
Microsoft Visual Studio Solution File, Format Version 12.00
# Visual Studio Version 17
VisualStudioVersion = 17.1.32319.34
MinimumVisualStudioVersion = 10.0.40219.1
Project("{FAE04EC0-301F-11D3-BF4B-00C04F79EFBC}") = "WinFormsApp1", "WinFormsApp1\WinFormsApp1.csproj", "{9B205E6D-C1CF-4F35-AFE2-84D10AD12190}"
EndProject
Global
	GlobalSection(SolutionConfigurationPlatforms) = preSolution
		Debug|Any CPU = Debug|Any CPU
		Release|Any CPU = Release|Any CPU
	EndGlobalSection
	GlobalSection(ProjectConfigurationPlatforms) = postSolution
		{9B205E6D-C1CF-4F35-AFE2-84D10AD12190}.Debug|Any CPU.ActiveCfg = Debug|Any CPU
		{9B205E6D-C1CF-4F35-AFE2-84D10AD12190}.Debug|Any CPU.Build.0 = Debug|Any CPU
		{9B205E6D-C1CF-4F35-AFE2-84D10AD12190}.Release|Any CPU.ActiveCfg = Release|Any CPU
		{9B205E6D-C1CF-4F35-AFE2-84D10AD12190}.Release|Any CPU.Build.0 = Release|Any CPU
	EndGlobalSection
	GlobalSection(SolutionProperties) = preSolution
		HideSolutionNode = FALSE
	EndGlobalSection
	GlobalSection(ExtensibilityGlobals) = postSolution
		SolutionGuid = {8EB7A0E7-5405-47A1-8CD8-BBA4B46D7767}
	EndGlobalSection
EndGlobal
