
Microsoft Visual Studio Solution File, Format Version 12.00
# Visual Studio Version 17
VisualStudioVersion = 17.1.32319.34
MinimumVisualStudioVersion = 10.0.40219.1
Project("{FAE04EC0-301F-11D3-BF4B-00C04F79EFBC}") = "WinFormsApp1", "WinFormsApp1\WinFormsApp1.csproj", "{DCDE67CC-88D8-4312-931C-ADE6E0A7504B}"
EndProject
Global
	GlobalSection(SolutionConfigurationPlatforms) = preSolution
		Debug|Any CPU = Debug|Any CPU
		Release|Any CPU = Release|Any CPU
	EndGlobalSection
	GlobalSection(ProjectConfigurationPlatforms) = postSolution
		{DCDE67CC-88D8-4312-931C-ADE6E0A7504B}.Debug|Any CPU.ActiveCfg = Debug|Any CPU
		{DCDE67CC-88D8-4312-931C-ADE6E0A7504B}.Debug|Any CPU.Build.0 = Debug|Any CPU
		{DCDE67CC-88D8-4312-931C-ADE6E0A7504B}.Release|Any CPU.ActiveCfg = Release|Any CPU
		{DCDE67CC-88D8-4312-931C-ADE6E0A7504B}.Release|Any CPU.Build.0 = Release|Any CPU
	EndGlobalSection
	GlobalSection(SolutionProperties) = preSolution
		HideSolutionNode = FALSE
	EndGlobalSection
	GlobalSection(ExtensibilityGlobals) = postSolution
		SolutionGuid = {073D45E4-A7A7-4D41-8473-E951D8B5F2B2}
	EndGlobalSection
EndGlobal
